<?xml version="1.0" encoding="UTF-8"?>
<Scheme LastUpgradeVersion="1600" version="1.7">
<BuildAction parallelizeBuildables="YES" buildImplicitDependencies="YES"><BuildActionEntries>
<BuildActionEntry buildForTesting="YES" buildForRunning="YES" buildForProfiling="NO" buildForArchiving="NO" buildForAnalyzing="NO"><BuildableReference BuildableIdentifier="primary" BlueprintIdentifier="41225BDCC10F1BD610C37451" BuildableName="Shelfie.app" BlueprintName="Shelfie" ReferencedContainer="container:Shelfie.xcodeproj" /></BuildActionEntry>
<BuildActionEntry buildForTesting="YES" buildForRunning="NO" buildForProfiling="NO" buildForArchiving="NO" buildForAnalyzing="NO"><BuildableReference BuildableIdentifier="primary" BlueprintIdentifier="42AB6C56AE5F149D7D64DBC0" BuildableName="ShelfieUITests.xctest" BlueprintName="ShelfieUITests" ReferencedContainer="container:Shelfie.xcodeproj" /></BuildActionEntry>
</BuildActionEntries></BuildAction>
<TestAction buildConfiguration="Debug" selectedDebuggerIdentifier="Xcode.DebuggerFoundation.Debugger.LLDB" selectedLauncherIdentifier="Xcode.DebuggerFoundation.Launcher.LLDB" shouldUseLaunchSchemeArgsEnv="NO"><MacroExpansion><BuildableReference BuildableIdentifier="primary" BlueprintIdentifier="41225BDCC10F1BD610C37451" BuildableName="Shelfie.app" BlueprintName="Shelfie" ReferencedContainer="container:Shelfie.xcodeproj" /></MacroExpansion><Testables><TestableReference skipped="NO" parallelizable="NO"><BuildableReference BuildableIdentifier="primary" BlueprintIdentifier="42AB6C56AE5F149D7D64DBC0" BuildableName="ShelfieUITests.xctest" BlueprintName="ShelfieUITests" ReferencedContainer="container:Shelfie.xcodeproj" /></TestableReference></Testables></TestAction>
<LaunchAction buildConfiguration="Debug" selectedDebuggerIdentifier="Xcode.DebuggerFoundation.Debugger.LLDB" selectedLauncherIdentifier="Xcode.DebuggerFoundation.Launcher.LLDB" launchStyle="0" useCustomWorkingDirectory="NO" ignoresPersistentStateOnLaunch="NO" debugDocumentVersioning="YES"><BuildableProductRunnable runnableDebuggingMode="0"><BuildableReference BuildableIdentifier="primary" BlueprintIdentifier="41225BDCC10F1BD610C37451" BuildableName="Shelfie.app" BlueprintName="Shelfie" ReferencedContainer="container:Shelfie.xcodeproj" /></BuildableProductRunnable></LaunchAction>
<AnalyzeAction buildConfiguration="Debug" />
<ArchiveAction buildConfiguration="Release" revealArchiveInOrganizer="YES" />
</Scheme>
